
Microsoft Visual Studio Solution File, Format Version 12.00
# Visual Studio Version 17
VisualStudioVersion = 17.5.2.0
MinimumVisualStudioVersion = 10.0.40219.1
Project("{9A19103F-16F7-4668-BE54-9A1E7A4F7556}") = "Semana2", "Semana2\Semana2.csproj", "{C10C34E3-7D30-4912-B223-75D0260F0067}"
EndProject
Project("{FAE04EC0-301F-11D3-BF4B-00C04F79EFBC}") = "Semana5", "Semana5\Semana5.csproj", "{68ED09E3-B427-45DC-9991-751AA70086A1}"
EndProject
Project("{FAE04EC0-301F-11D3-BF4B-00C04F79EFBC}") = "Semana4", "Semana4\Semana4.csproj", "{C0E90F67-A928-4ED4-BC42-784708138EDB}"
EndProject
Project("{2150E333-8FDC-42A3-9474-1A3956D46DE8}") = "Semana5", "Semana5", "{8473527D-88A5-4EEE-B5CF-924BA8D9F41A}"
EndProject
Project("{FAE04EC0-301F-11D3-BF4B-00C04F79EFBC}") = "EJERCICIO2", "Semana5\EJERCICIO2\EJERCICIO2.csproj", "{C4CE0F79-57F6-4FFF-B780-2C6BC66F53C4}"
EndProject
Project("{FAE04EC0-301F-11D3-BF4B-00C04F79EFBC}") = "EJERCICIO3", "Semana5\EJERCICIO3\EJERCICIO3.csproj", "{97E9463D-63C7-475A-96ED-C82075CE8520}"
EndProject
Project("{FAE04EC0-301F-11D3-BF4B-00C04F79EFBC}") = "EJERCICIO4", "Semana5\EJERCICIO4\EJERCICIO4.csproj", "{327E978D-4923-4818-AA02-BCB8FE6EDE71}"
EndProject
Project("{FAE04EC0-301F-11D3-BF4B-00C04F79EFBC}") = "EJERCICIO5", "Semana5\EJERCICIO5\EJERCICIO5.csproj", "{8145110E-E954-4719-AB06-403D36E6F273}"
EndProject
Project("{FAE04EC0-301F-11D3-BF4B-00C04F79EFBC}") = "Semana6", "Semana6\Semana6.csproj", "{DF387FAC-F2AD-4292-9AB0-0815C36C4E90}"
EndProject
Project("{2150E333-8FDC-42A3-9474-1A3956D46DE8}") = "Semana6", "Semana6", "{C41CA37A-B2DC-4655-B214-D3C76FB8FBA2}"
EndProject
Project("{FAE04EC0-301F-11D3-BF4B-00C04F79EFBC}") = "Lista-enlazadas", "Semana6\Lista-enlazadas\Lista-enlazadas.csproj", "{AE58686B-27F4-4E61-B9CC-9E623CC31258}"
EndProject
Project("{FAE04EC0-301F-11D3-BF4B-00C04F79EFBC}") = "Lista-enlazada2", "Semana6\Lista-enlazada2\Lista-enlazada2.csproj", "{522FC414-B821-4F9E-A61A-EE2FE861797F}"
EndProject
Project("{FAE04EC0-301F-11D3-BF4B-00C04F79EFBC}") = "Semana7", "Semana7\Semana7.csproj", "{71BC56B7-CF97-4D2E-AAA8-A9C046ABEEAF}"
EndProject
Project("{2150E333-8FDC-42A3-9474-1A3956D46DE8}") = "Semana7", "Semana7", "{7E5CE29B-5E48-4C55-8EE2-2D92EF82DD74}"
EndProject
Project("{FAE04EC0-301F-11D3-BF4B-00C04F79EFBC}") = "Pila", "Semana7\Pila\Pila.csproj", "{602E4C65-6EF8-48C4-8067-07171F0E6610}"
EndProject
Project("{FAE04EC0-301F-11D3-BF4B-00C04F79EFBC}") = "Semana8", "Semana8\Semana8.csproj", "{97FBFBA9-BE06-46F0-AE21-C34B202D9AA0}"
EndProject
Project("{2150E333-8FDC-42A3-9474-1A3956D46DE8}") = "Semana8", "Semana8", "{A5E5D481-D528-4400-803A-4AAE02CA21B3}"
EndProject
Project("{FAE04EC0-301F-11D3-BF4B-00C04F79EFBC}") = "implementación Teorica Pila y Cola", "Semana8\implementación Teorica Pila y Cola\implementación Teorica Pila y Cola.csproj", "{9BF24B27-8EA0-41C3-9D6F-8C038A2FA632}"
EndProject
Project("{FAE04EC0-301F-11D3-BF4B-00C04F79EFBC}") = "Semana10", "Semana10\Semana10.csproj", "{D9204C2B-E9A7-4085-B347-35CF40961FB2}"
EndProject
Project("{FAE04EC0-301F-11D3-BF4B-00C04F79EFBC}") = "Semana11", "Semana11\Semana11.csproj", "{CF48C95E-8073-4455-93F1-1DE410C7D411}"
EndProject
Project("{FAE04EC0-301F-11D3-BF4B-00C04F79EFBC}") = "Implementacion de conjuntos y mapa", "Implementacion de conjuntos y mapa\Implementacion de conjuntos y mapa.csproj", "{6B080696-00F7-4007-B277-465293E0DE8D}"
EndProject
Project("{FAE04EC0-301F-11D3-BF4B-00C04F79EFBC}") = "semana12", "semana12\semana12.csproj", "{9A84E7FC-7F4C-42CB-BA38-1D7C01F1AC4A}"
EndProject
Project("{FAE04EC0-301F-11D3-BF4B-00C04F79EFBC}") = "Semana13", "Semana13\Semana13.csproj", "{109128D7-DC39-443B-8CF0-AA0432281A05}"
EndProject
Project("{FAE04EC0-301F-11D3-BF4B-00C04F79EFBC}") = "Semana14", "Semana14\Semana14.csproj", "{59865E82-164E-406C-AA21-9D4500EC3A29}"
EndProject
Global
	GlobalSection(SolutionConfigurationPlatforms) = preSolution
		Debug|Any CPU = Debug|Any CPU
		Release|Any CPU = Release|Any CPU
	EndGlobalSection
	GlobalSection(ProjectConfigurationPlatforms) = postSolution
		{C10C34E3-7D30-4912-B223-75D0260F0067}.Debug|Any CPU.ActiveCfg = Debug|Any CPU
		{C10C34E3-7D30-4912-B223-75D0260F0067}.Debug|Any CPU.Build.0 = Debug|Any CPU
		{C10C34E3-7D30-4912-B223-75D0260F0067}.Release|Any CPU.ActiveCfg = Release|Any CPU
		{C10C34E3-7D30-4912-B223-75D0260F0067}.Release|Any CPU.Build.0 = Release|Any CPU
		{68ED09E3-B427-45DC-9991-751AA70086A1}.Debug|Any CPU.ActiveCfg = Debug|Any CPU
		{68ED09E3-B427-45DC-9991-751AA70086A1}.Debug|Any CPU.Build.0 = Debug|Any CPU
		{68ED09E3-B427-45DC-9991-751AA70086A1}.Release|Any CPU.ActiveCfg = Release|Any CPU
		{68ED09E3-B427-45DC-9991-751AA70086A1}.Release|Any CPU.Build.0 = Release|Any CPU
		{C0E90F67-A928-4ED4-BC42-784708138EDB}.Debug|Any CPU.ActiveCfg = Debug|Any CPU
		{C0E90F67-A928-4ED4-BC42-784708138EDB}.Debug|Any CPU.Build.0 = Debug|Any CPU
		{C0E90F67-A928-4ED4-BC42-784708138EDB}.Release|Any CPU.ActiveCfg = Release|Any CPU
		{C0E90F67-A928-4ED4-BC42-784708138EDB}.Release|Any CPU.Build.0 = Release|Any CPU
		{C4CE0F79-57F6-4FFF-B780-2C6BC66F53C4}.Debug|Any CPU.ActiveCfg = Debug|Any CPU
		{C4CE0F79-57F6-4FFF-B780-2C6BC66F53C4}.Debug|Any CPU.Build.0 = Debug|Any CPU
		{C4CE0F79-57F6-4FFF-B780-2C6BC66F53C4}.Release|Any CPU.ActiveCfg = Release|Any CPU
		{C4CE0F79-57F6-4FFF-B780-2C6BC66F53C4}.Release|Any CPU.Build.0 = Release|Any CPU
		{97E9463D-63C7-475A-96ED-C82075CE8520}.Debug|Any CPU.ActiveCfg = Debug|Any CPU
		{97E9463D-63C7-475A-96ED-C82075CE8520}.Debug|Any CPU.Build.0 = Debug|Any CPU
		{97E9463D-63C7-475A-96ED-C82075CE8520}.Release|Any CPU.ActiveCfg = Release|Any CPU
		{97E9463D-63C7-475A-96ED-C82075CE8520}.Release|Any CPU.Build.0 = Release|Any CPU
		{327E978D-4923-4818-AA02-BCB8FE6EDE71}.Debug|Any CPU.ActiveCfg = Debug|Any CPU
		{327E978D-4923-4818-AA02-BCB8FE6EDE71}.Debug|Any CPU.Build.0 = Debug|Any CPU
		{327E978D-4923-4818-AA02-BCB8FE6EDE71}.Release|Any CPU.ActiveCfg = Release|Any CPU
		{327E978D-4923-4818-AA02-BCB8FE6EDE71}.Release|Any CPU.Build.0 = Release|Any CPU
		{8145110E-E954-4719-AB06-403D36E6F273}.Debug|Any CPU.ActiveCfg = Debug|Any CPU
		{8145110E-E954-4719-AB06-403D36E6F273}.Debug|Any CPU.Build.0 = Debug|Any CPU
		{8145110E-E954-4719-AB06-403D36E6F273}.Release|Any CPU.ActiveCfg = Release|Any CPU
		{8145110E-E954-4719-AB06-403D36E6F273}.Release|Any CPU.Build.0 = Release|Any CPU
		{DF387FAC-F2AD-4292-9AB0-0815C36C4E90}.Debug|Any CPU.ActiveCfg = Debug|Any CPU
		{DF387FAC-F2AD-4292-9AB0-0815C36C4E90}.Debug|Any CPU.Build.0 = Debug|Any CPU
		{DF387FAC-F2AD-4292-9AB0-0815C36C4E90}.Release|Any CPU.ActiveCfg = Release|Any CPU
		{DF387FAC-F2AD-4292-9AB0-0815C36C4E90}.Release|Any CPU.Build.0 = Release|Any CPU
		{AE58686B-27F4-4E61-B9CC-9E623CC31258}.Debug|Any CPU.ActiveCfg = Debug|Any CPU
		{AE58686B-27F4-4E61-B9CC-9E623CC31258}.Debug|Any CPU.Build.0 = Debug|Any CPU
		{AE58686B-27F4-4E61-B9CC-9E623CC31258}.Release|Any CPU.ActiveCfg = Release|Any CPU
		{AE58686B-27F4-4E61-B9CC-9E623CC31258}.Release|Any CPU.Build.0 = Release|Any CPU
		{522FC414-B821-4F9E-A61A-EE2FE861797F}.Debug|Any CPU.ActiveCfg = Debug|Any CPU
		{522FC414-B821-4F9E-A61A-EE2FE861797F}.Debug|Any CPU.Build.0 = Debug|Any CPU
		{522FC414-B821-4F9E-A61A-EE2FE861797F}.Release|Any CPU.ActiveCfg = Release|Any CPU
		{522FC414-B821-4F9E-A61A-EE2FE861797F}.Release|Any CPU.Build.0 = Release|Any CPU
		{71BC56B7-CF97-4D2E-AAA8-A9C046ABEEAF}.Debug|Any CPU.ActiveCfg = Debug|Any CPU
		{71BC56B7-CF97-4D2E-AAA8-A9C046ABEEAF}.Debug|Any CPU.Build.0 = Debug|Any CPU
		{71BC56B7-CF97-4D2E-AAA8-A9C046ABEEAF}.Release|Any CPU.ActiveCfg = Release|Any CPU
		{71BC56B7-CF97-4D2E-AAA8-A9C046ABEEAF}.Release|Any CPU.Build.0 = Release|Any CPU
		{602E4C65-6EF8-48C4-8067-07171F0E6610}.Debug|Any CPU.ActiveCfg = Debug|Any CPU
		{602E4C65-6EF8-48C4-8067-07171F0E6610}.Debug|Any CPU.Build.0 = Debug|Any CPU
		{602E4C65-6EF8-48C4-8067-07171F0E6610}.Release|Any CPU.ActiveCfg = Release|Any CPU
		{602E4C65-6EF8-48C4-8067-07171F0E6610}.Release|Any CPU.Build.0 = Release|Any CPU
		{97FBFBA9-BE06-46F0-AE21-C34B202D9AA0}.Debug|Any CPU.ActiveCfg = Debug|Any CPU
		{97FBFBA9-BE06-46F0-AE21-C34B202D9AA0}.Debug|Any CPU.Build.0 = Debug|Any CPU
		{97FBFBA9-BE06-46F0-AE21-C34B202D9AA0}.Release|Any CPU.ActiveCfg = Release|Any CPU
		{97FBFBA9-BE06-46F0-AE21-C34B202D9AA0}.Release|Any CPU.Build.0 = Release|Any CPU
		{9BF24B27-8EA0-41C3-9D6F-8C038A2FA632}.Debug|Any CPU.ActiveCfg = Debug|Any CPU
		{9BF24B27-8EA0-41C3-9D6F-8C038A2FA632}.Debug|Any CPU.Build.0 = Debug|Any CPU
		{9BF24B27-8EA0-41C3-9D6F-8C038A2FA632}.Release|Any CPU.ActiveCfg = Release|Any CPU
		{9BF24B27-8EA0-41C3-9D6F-8C038A2FA632}.Release|Any CPU.Build.0 = Release|Any CPU
		{D9204C2B-E9A7-4085-B347-35CF40961FB2}.Debug|Any CPU.ActiveCfg = Debug|Any CPU
		{D9204C2B-E9A7-4085-B347-35CF40961FB2}.Debug|Any CPU.Build.0 = Debug|Any CPU
		{D9204C2B-E9A7-4085-B347-35CF40961FB2}.Release|Any CPU.ActiveCfg = Release|Any CPU
		{D9204C2B-E9A7-4085-B347-35CF40961FB2}.Release|Any CPU.Build.0 = Release|Any CPU
		{CF48C95E-8073-4455-93F1-1DE410C7D411}.Debug|Any CPU.ActiveCfg = Debug|Any CPU
		{CF48C95E-8073-4455-93F1-1DE410C7D411}.Debug|Any CPU.Build.0 = Debug|Any CPU
		{CF48C95E-8073-4455-93F1-1DE410C7D411}.Release|Any CPU.ActiveCfg = Release|Any CPU
		{CF48C95E-8073-4455-93F1-1DE410C7D411}.Release|Any CPU.Build.0 = Release|Any CPU
		{6B080696-00F7-4007-B277-465293E0DE8D}.Debug|Any CPU.ActiveCfg = Debug|Any CPU
		{6B080696-00F7-4007-B277-465293E0DE8D}.Debug|Any CPU.Build.0 = Debug|Any CPU
		{6B080696-00F7-4007-B277-465293E0DE8D}.Release|Any CPU.ActiveCfg = Release|Any CPU
		{6B080696-00F7-4007-B277-465293E0DE8D}.Release|Any CPU.Build.0 = Release|Any CPU
		{9A84E7FC-7F4C-42CB-BA38-1D7C01F1AC4A}.Debug|Any CPU.ActiveCfg = Debug|Any CPU
		{9A84E7FC-7F4C-42CB-BA38-1D7C01F1AC4A}.Debug|Any CPU.Build.0 = Debug|Any CPU
		{9A84E7FC-7F4C-42CB-BA38-1D7C01F1AC4A}.Release|Any CPU.ActiveCfg = Release|Any CPU
		{9A84E7FC-7F4C-42CB-BA38-1D7C01F1AC4A}.Release|Any CPU.Build.0 = Release|Any CPU
		{109128D7-DC39-443B-8CF0-AA0432281A05}.Debug|Any CPU.ActiveCfg = Debug|Any CPU
		{109128D7-DC39-443B-8CF0-AA0432281A05}.Debug|Any CPU.Build.0 = Debug|Any CPU
		{109128D7-DC39-443B-8CF0-AA0432281A05}.Release|Any CPU.ActiveCfg = Release|Any CPU
		{109128D7-DC39-443B-8CF0-AA0432281A05}.Release|Any CPU.Build.0 = Release|Any CPU
		{59865E82-164E-406C-AA21-9D4500EC3A29}.Debug|Any CPU.ActiveCfg = Debug|Any CPU
		{59865E82-164E-406C-AA21-9D4500EC3A29}.Debug|Any CPU.Build.0 = Debug|Any CPU
		{59865E82-164E-406C-AA21-9D4500EC3A29}.Release|Any CPU.ActiveCfg = Release|Any CPU
		{59865E82-164E-406C-AA21-9D4500EC3A29}.Release|Any CPU.Build.0 = Release|Any CPU
	EndGlobalSection
	GlobalSection(SolutionProperties) = preSolution
		HideSolutionNode = FALSE
	EndGlobalSection
	GlobalSection(NestedProjects) = preSolution
		{68ED09E3-B427-45DC-9991-751AA70086A1} = {8473527D-88A5-4EEE-B5CF-924BA8D9F41A}
		{C4CE0F79-57F6-4FFF-B780-2C6BC66F53C4} = {8473527D-88A5-4EEE-B5CF-924BA8D9F41A}
		{97E9463D-63C7-475A-96ED-C82075CE8520} = {8473527D-88A5-4EEE-B5CF-924BA8D9F41A}
		{327E978D-4923-4818-AA02-BCB8FE6EDE71} = {8473527D-88A5-4EEE-B5CF-924BA8D9F41A}
		{8145110E-E954-4719-AB06-403D36E6F273} = {8473527D-88A5-4EEE-B5CF-924BA8D9F41A}
		{DF387FAC-F2AD-4292-9AB0-0815C36C4E90} = {C41CA37A-B2DC-4655-B214-D3C76FB8FBA2}
		{AE58686B-27F4-4E61-B9CC-9E623CC31258} = {C41CA37A-B2DC-4655-B214-D3C76FB8FBA2}
		{522FC414-B821-4F9E-A61A-EE2FE861797F} = {C41CA37A-B2DC-4655-B214-D3C76FB8FBA2}
		{71BC56B7-CF97-4D2E-AAA8-A9C046ABEEAF} = {7E5CE29B-5E48-4C55-8EE2-2D92EF82DD74}
		{602E4C65-6EF8-48C4-8067-07171F0E6610} = {7E5CE29B-5E48-4C55-8EE2-2D92EF82DD74}
		{97FBFBA9-BE06-46F0-AE21-C34B202D9AA0} = {A5E5D481-D528-4400-803A-4AAE02CA21B3}
		{9BF24B27-8EA0-41C3-9D6F-8C038A2FA632} = {A5E5D481-D528-4400-803A-4AAE02CA21B3}
	EndGlobalSection
	GlobalSection(ExtensibilityGlobals) = postSolution
		SolutionGuid = {4D93C081-F85E-4FE4-A42B-B6549101C3CB}
	EndGlobalSection
EndGlobal
