
Microsoft Visual Studio Solution File, Format Version 12.00
# Visual Studio Version 17
VisualStudioVersion = 17.5.002.0
MinimumVisualStudioVersion = 10.0.40219.1
Project("{9A19103F-16F7-4668-BE54-9A1E7A4F7556}") = "Semana4", "Semana4.csproj", "{1DB41939-C8E8-4C4F-818B-8D5D76A604AE}"
EndProject
Project("{FAE04EC0-301F-11D3-BF4B-00C04F79EFBC}") = "SEMANA 5", "SEMANA 5\SEMANA 5.csproj", "{57DEDA61-DC3F-487D-929B-6CB41AC11F66}"
EndProject
Project("{FAE04EC0-301F-11D3-BF4B-00C04F79EFBC}") = "ejercicio2", "ejercicio2\ejercicio2.csproj", "{5164642B-588D-4102-95B9-E334198FB99B}"
EndProject
Project("{FAE04EC0-301F-11D3-BF4B-00C04F79EFBC}") = "EJERCICIO3", "EJERCICIO3\EJERCICIO3.csproj", "{3C8BA9AA-4C93-42D2-8AC4-CDB47E4BADF8}"
EndProject
Global
	GlobalSection(SolutionConfigurationPlatforms) = preSolution
		Debug|Any CPU = Debug|Any CPU
		Release|Any CPU = Release|Any CPU
	EndGlobalSection
	GlobalSection(ProjectConfigurationPlatforms) = postSolution
		{1DB41939-C8E8-4C4F-818B-8D5D76A604AE}.Debug|Any CPU.ActiveCfg = Debug|Any CPU
		{1DB41939-C8E8-4C4F-818B-8D5D76A604AE}.Debug|Any CPU.Build.0 = Debug|Any CPU
		{1DB41939-C8E8-4C4F-818B-8D5D76A604AE}.Release|Any CPU.ActiveCfg = Release|Any CPU
		{1DB41939-C8E8-4C4F-818B-8D5D76A604AE}.Release|Any CPU.Build.0 = Release|Any CPU
		{57DEDA61-DC3F-487D-929B-6CB41AC11F66}.Debug|Any CPU.ActiveCfg = Debug|Any CPU
		{57DEDA61-DC3F-487D-929B-6CB41AC11F66}.Debug|Any CPU.Build.0 = Debug|Any CPU
		{57DEDA61-DC3F-487D-929B-6CB41AC11F66}.Release|Any CPU.ActiveCfg = Release|Any CPU
		{57DEDA61-DC3F-487D-929B-6CB41AC11F66}.Release|Any CPU.Build.0 = Release|Any CPU
		{5164642B-588D-4102-95B9-E334198FB99B}.Debug|Any CPU.ActiveCfg = Debug|Any CPU
		{5164642B-588D-4102-95B9-E334198FB99B}.Debug|Any CPU.Build.0 = Debug|Any CPU
		{5164642B-588D-4102-95B9-E334198FB99B}.Release|Any CPU.ActiveCfg = Release|Any CPU
		{5164642B-588D-4102-95B9-E334198FB99B}.Release|Any CPU.Build.0 = Release|Any CPU
		{3C8BA9AA-4C93-42D2-8AC4-CDB47E4BADF8}.Debug|Any CPU.ActiveCfg = Debug|Any CPU
		{3C8BA9AA-4C93-42D2-8AC4-CDB47E4BADF8}.Debug|Any CPU.Build.0 = Debug|Any CPU
		{3C8BA9AA-4C93-42D2-8AC4-CDB47E4BADF8}.Release|Any CPU.ActiveCfg = Release|Any CPU
		{3C8BA9AA-4C93-42D2-8AC4-CDB47E4BADF8}.Release|Any CPU.Build.0 = Release|Any CPU
	EndGlobalSection
	GlobalSection(SolutionProperties) = preSolution
		HideSolutionNode = FALSE
	EndGlobalSection
	GlobalSection(ExtensibilityGlobals) = postSolution
		SolutionGuid = {46D4FE0B-CD35-479E-AB8C-98FFED1ABB85}
	EndGlobalSection
EndGlobal
